
Microsoft Visual Studio Solution File, Format Version 12.00
# Visual Studio 15
VisualStudioVersion = 15.0.28307.852
MinimumVisualStudioVersion = 10.0.40219.1
Project("{FAE04EC0-301F-11D3-BF4B-00C04F79EFBC}") = "Recursion_4_2023", "Recursion_4_2023\Recursion_4_2023.csproj", "{1AAC00F0-3C98-4E88-B9DA-A46196FD8A86}"
EndProject
Global
	GlobalSection(SolutionConfigurationPlatforms) = preSolution
		Debug|Any CPU = Debug|Any CPU
		Release|Any CPU = Release|Any CPU
	EndGlobalSection
	GlobalSection(ProjectConfigurationPlatforms) = postSolution
		{1AAC00F0-3C98-4E88-B9DA-A46196FD8A86}.Debug|Any CPU.ActiveCfg = Debug|Any CPU
		{1AAC00F0-3C98-4E88-B9DA-A46196FD8A86}.Debug|Any CPU.Build.0 = Debug|Any CPU
		{1AAC00F0-3C98-4E88-B9DA-A46196FD8A86}.Release|Any CPU.ActiveCfg = Release|Any CPU
		{1AAC00F0-3C98-4E88-B9DA-A46196FD8A86}.Release|Any CPU.Build.0 = Release|Any CPU
	EndGlobalSection
	GlobalSection(SolutionProperties) = preSolution
		HideSolutionNode = FALSE
	EndGlobalSection
	GlobalSection(ExtensibilityGlobals) = postSolution
		SolutionGuid = {FCFD4A87-92FB-402A-9303-C0E68FF62C9B}
	EndGlobalSection
EndGlobal
